github.com/aandryashin/matchers v0.0.0-20161126170413-435295ea180e h1:ogUKYFNcdYUIBSLibE4+EjbTJazoHr5JsWWx21Lpn8c=
github.com/aandryashin/matchers v0.0.0-20161126170413-435295ea180e/go.mod h1:cbmYNkm9xeQlNoWEPtOUcvNok2gSD7ErMnYkRW+eHi8=
github.com/aerokube/selenoid-ui v0.0.0-20181016124054-1f9019b8713b h1:1ojndwcU7xwP1VtTECEmEQsD3Ju3rXBasJ/5iCO8Ovk=
github.com/aerokube/selenoid-ui v0.0.0-20181016124054-1f9019b8713b/go.mod h1:yZfLpnCygMTHdYuBKJ/ioGkopWF4LR5UFf3Egtz9oIA=
github.com/aerokube/util v0.0.0-20180312185646-9a1a16b55d3d h1:mEmYI6ux/CyLMdsFKJVc7LfEbFw1Ve49DrJ8+0mnDnk=
github.com/aerokube/util v0.0.0-20180312185646-9a1a16b55d3d/go.mod h1:a1duJwYg3lfxakFPqpJsD41PYdkBmeUFPA4S+ISkHhQ=
github.com/elazarl/go-bindata-assetfs v1.0.0 h1:G/bYguwHIzWq9ZoyUQqrjTmJbbYn3j3CKKpKinvZLFk=
github.com/elazarl/go-bindata-assetfs v1.0.0/go.mod h1:v+YaWX3bdea5J/mo8dSETolEo7R71Vk1u8bnjau5yw4=
github.com/gorilla/websocket v1.2.0 h1:VJtLvh6VQym50czpZzx07z/kw9EgAxI3x1ZB8taTMQQ=
github.com/gorilla/websocket v1.2.0/go.mod h1:E7qHFY5m1UJ88s3WnNqhKjPHQ0heANvMoAMk2YaljkQ=
github.com/koding/websocketproxy v0.0.0-20171031104639-424c31d1c6ac h1:th+Foedcz2no/XHzfIaMZhcVcnkQDB1yGTDVKlvN77k=
github.com/koding/websocketproxy v0.0.0-20171031104639-424c31d1c6ac/go.mod h1:Nn5wlyECw3iJrzi0AhIWg+AJUb4PlRQVW4/3XHH1LZA=
