github.com/aandryashin/matchers v0.0.0-20161126170413-435295ea180e h1:ogUKYFNcdYUIBSLibE4+EjbTJazoHr5JsWWx21Lpn8c=
github.com/aandryashin/matchers v0.0.0-20161126170413-435295ea180e/go.mod h1:cbmYNkm9xeQlNoWEPtOUcvNok2gSD7ErMnYkRW+eHi8=
github.com/abbot/go-http-auth v0.4.0 h1:QjmvZ5gSC7jm3Zg54DqWE/T5m1t2AfDu6QlXJT0EVT0=
github.com/abbot/go-http-auth v0.4.0/go.mod h1:Cz6ARTIzApMJDzh5bRMSUou6UMSp0IEXg9km/ci7TJM=
github.com/aerokube/util v0.0.0-20181001032247-3a9b3f70da09 h1:T3Y7aciF+tYzT5wXHiwhLQNEozQHiyNDYXYDbi6EN2g=
github.com/aerokube/util v0.0.0-20181001032247-3a9b3f70da09/go.mod h1:a1duJwYg3lfxakFPqpJsD41PYdkBmeUFPA4S+ISkHhQ=
github.com/gorilla/websocket v1.4.0 h1:WDFjx/TMzVgy9VdMMQi2K2Emtwi2QcUQsztZ/zLaH/Q=
github.com/gorilla/websocket v1.4.0/go.mod h1:E7qHFY5m1UJ88s3WnNqhKjPHQ0heANvMoAMk2YaljkQ=
github.com/koding/websocketproxy v0.0.0-20180716164433-0fa3f994f6e7 h1:UPc4az2SLy5Usu+JKfOV4KtfzuRQXXUxY6QOWf9QBJU=
github.com/koding/websocketproxy v0.0.0-20180716164433-0fa3f994f6e7/go.mod h1:Nn5wlyECw3iJrzi0AhIWg+AJUb4PlRQVW4/3XHH1LZA=
github.com/rakyll/statik v0.1.7 h1:OF3QCZUuyPxuGEP7B4ypUa7sB/iHtqOTDYZXGM8KOdQ=
github.com/rakyll/statik v0.1.7/go.mod h1:AlZONWzMtEnMs7W4e/1LURLiI49pIMmp6V9Unghqrcc=
golang.org/x/crypto v0.0.0-20190308221718-c2843e01d9a2/go.mod h1:djNgcEr1/C05ACkg1iLfiJU5Ep61QUkGW8qpdssI0+w=
golang.org/x/crypto v0.0.0-20201002094018-c90954cbb977 h1:yH6opeNE+0SY+7pXT4gclZUoKHogXeC2EvOSHGOMGPU=
golang.org/x/crypto v0.0.0-20201002094018-c90954cbb977/go.mod h1:LzIPMQfyMNhhGPhUkYOs5KpL4U8rLKemX1yGLhDgUto=
golang.org/x/net v0.0.0-20190404232315-eb5bcb51f2a3/go.mod h1:t9HGtf8HONx5eT2rtn7q6eTqICYqUVnKs3thJo3Qplg=
golang.org/x/net v0.0.0-20211008194852-3b03d305991f h1:1scJEYZBaF48BaG6tYbtxmLcXqwYGSfGcMoStTqkkIw=
golang.org/x/net v0.0.0-20211008194852-3b03d305991f/go.mod h1:9nx3DQGgdP8bBQD5qxJ1jj9UTztislL4KSBs9R2vV5Y=
golang.org/x/sys v0.0.0-20190215142949-d0b11bdaac8a/go.mod h1:STP8DvDyc/dI5b8T5hshtkjS+E42TnysNCUPdjciGhY=
golang.org/x/sys v0.0.0-20190412213103-97732733099d/go.mod h1:h1NjWce9XRLGQEsW7wpKNCjG9DtNlClVuFLEZdDNbEs=
golang.org/x/text v0.3.0/go.mod h1:NqM8EUOU14njkJ3fqMW+pc6Ldnwhi/IjpwHt7yyuwOQ=
