# This file is autogenerated, do not edit; changes may be undone by the next 'dep ensure'.


[[projects]]
  branch = "master"
  name = "github.com/aandryashin/matchers"
  packages = [".","httpresp"]
  revision = "435295ea180e58dbfa526db1ebab8c801b4c2b75"

[[projects]]
  branch = "master"
  name = "github.com/aerokube/util"
  packages = ["sse"]
  revision = "9a1a16b55d3d055bd148ffdad5ff29415a7bc461"

[[projects]]
  branch = "master"
  name = "github.com/elazarl/go-bindata-assetfs"
  packages = ["."]
  revision = "30f82fa23fd844bd5bb1e5f216db87fd77b5eb43"

[[projects]]
  name = "github.com/gorilla/websocket"
  packages = ["."]
  revision = "ea4d1f681babbce9545c9c5f3d5194a789c89f5b"
  version = "v1.2.0"

[[projects]]
  branch = "master"
  name = "github.com/koding/websocketproxy"
  packages = ["."]
  revision = "424c31d1c6ac4384ddd4aaa81608310a98c3fc95"

[solve-meta]
  analyzer-name = "dep"
  analyzer-version = 1
  inputs-digest = "735ced668b48cd70c9acdcada4befc6896eee93a37d41bf1e70ac5a029f49b49"
  solver-name = "gps-cdcl"
  solver-version = 1
